PODS:
  - Either (2.0.0):
    - Prelude (~> 3.0.0)
  - Prelude (3.0.0)
  - RxBlocking (3.5.0):
    - RxSwift (~> 3.4)
  - RxCocoa (3.5.0):
    - RxSwift (~> 3.4)
  - RxSwift (3.5.0)
  - RxTest (3.5.0):
    - RxSwift (~> 3.4)
  - SwiftUtilities/Main (1.4.1):
    - RxCocoa (~> 3.0)
    - RxSwift (~> 3.0)
  - SwiftUtilitiesTests/Main (1.4.1):
    - RxBlocking (~> 3.0)
    - RxCocoa (~> 3.0)
    - RxSwift (~> 3.0)
    - RxTest (~> 3.0)

DEPENDENCIES:
  - Either (from `https://github.com/robrix/Either.git`)
  - SwiftUtilities/Main (from `https://github.com/protoman92/SwiftUtilities.git`)
  - SwiftUtilitiesTests/Main (from `https://github.com/protoman92/SwiftUtilities.git`)

EXTERNAL SOURCES:
  Either:
    :git: https://github.com/robrix/Either.git
  SwiftUtilities:
    :git: https://github.com/protoman92/SwiftUtilities.git
  SwiftUtilitiesTests:
    :git: https://github.com/protoman92/SwiftUtilities.git

CHECKOUT OPTIONS:
  Either:
    :commit: 7a6d4026c0b93273319da5f8c5f614088dc55aa8
    :git: https://github.com/robrix/Either.git
  SwiftUtilities:
    :commit: 41e8f35a9434e277840dbf5c01d057195a7b9c65
    :git: https://github.com/protoman92/SwiftUtilities.git
  SwiftUtilitiesTests:
    :commit: 41e8f35a9434e277840dbf5c01d057195a7b9c65
    :git: https://github.com/protoman92/SwiftUtilities.git

SPEC CHECKSUMS:
  Either: 6cb836eaee476ad16f1012f130fd94770e5853f0
  Prelude: fe4cc0fd961d34edf48fe6b04d05c863449efb0a
  RxBlocking: 471315e18b87c5ed4b9d0c69a57dfdbca5c01af1
  RxCocoa: a0a09f45d0e5b48ecb6a4a7b4b4c89c88d3f633f
  RxSwift: 18ee9d78b45edb3b0b7e79916b47a116e6dbc842
  RxTest: 1763765fd0e2282b0eb44c9050effdd7fe7156d4
  SwiftUtilities: 69a016b38594cf1d0cbf741d9f771a64e02256ce
  SwiftUtilitiesTests: bb2a1fda6a25f47995104b8dab057d4322452da2

PODFILE CHECKSUM: 68a3f5e5bb2177d85f6f6ed84e02cf2fdfded837

COCOAPODS: 1.3.0.beta.2
