PODS:
  - libwebp (0.5.1):
    - libwebp/core (= 0.5.1)
    - libwebp/dec (= 0.5.1)
    - libwebp/demux (= 0.5.1)
    - libwebp/dsp (= 0.5.1)
    - libwebp/enc (= 0.5.1)
    - libwebp/mux (= 0.5.1)
    - libwebp/utils (= 0.5.1)
    - libwebp/webp (= 0.5.1)
  - libwebp/core (0.5.1):
    - libwebp/webp
  - libwebp/dec (0.5.1):
    - libwebp/core
  - libwebp/demux (0.5.1):
    - libwebp/core
  - libwebp/dsp (0.5.1):
    - libwebp/core
  - libwebp/enc (0.5.1):
    - libwebp/core
  - libwebp/mux (0.5.1):
    - libwebp/core
  - libwebp/utils (0.5.1):
    - libwebp/core
  - libwebp/webp (0.5.1)
  - RxBlocking (3.4.0):
    - RxSwift (~> 3.4)
  - RxCocoa (3.4.0):
    - RxSwift (~> 3.4)
  - RxSwift (3.4.0)
  - RxTest (3.4.0):
    - RxSwift (~> 3.4)
  - SDWebImage/Core (4.0.0)
  - SDWebImage/WebP (4.0.0):
    - libwebp
    - SDWebImage/Core
  - SwiftUtilities/Main (1.1.6):
    - RxCocoa (~> 3.0)
    - RxSwift (~> 3.0)
  - SwiftUtilitiesTests/Main (1.1.6):
    - RxBlocking (~> 3.0)
    - RxCocoa (~> 3.0)
    - RxSwift (~> 3.0)
    - RxTest (~> 3.0)

DEPENDENCIES:
  - SDWebImage/WebP
  - SwiftUtilities/Main
  - SwiftUtilitiesTests/Main

SPEC CHECKSUMS:
  libwebp: b9126f8982a95370cf4eaad9bb3fefd57f052c15
  RxBlocking: 1797b8c1a3ad7b08965145e6e2294c2e101515aa
  RxCocoa: d14ef6b6029e1ddc6e966508c09289090de68ff9
  RxSwift: 3789a1af753002a14edecdb698a2424624296a9c
  RxTest: beb6beb882cf1dcac5fc9fdbd4760a5254e7f3a6
  SDWebImage: 76a6348bdc74eb5a55dd08a091ef298e56b55e41
  SwiftUtilities: cdd185a82afd07ca5452eaf362b4d5930e9e253d
  SwiftUtilitiesTests: 8d5d31e9085159c906fc182e0b86e86d1edc98ab

PODFILE CHECKSUM: 8fc304f3980f4e59cf8fc27d16796a6d3140bc9c

COCOAPODS: 1.2.1
