// !$*UTF8*$!
{
	archiveVersion = 1;
	classes = {
	};
	objectVersion = 46;
	objects = {

/* Begin PBXBuildFile section */
		59CAC75C7F574DD8369A6A69 /* Pods_SwiftMediaContentHandler.framework in Frameworks */ = {isa = PBXBuildFile; fileRef = 2EC7FDA16E624E604E71DEFF /* Pods_SwiftMediaContentHandler.framework */; };
		5CF4703EA7A5093409E060EA /* Pods_SwiftMediaContentHandler_Demo.framework in Frameworks */ = {isa = PBXBuildFile; fileRef = CEC59BB0BA3975FF80299A49 /* Pods_SwiftMediaContentHandler_Demo.framework */; };
		85B923ED0AE7A8EB847C3317 /* Pods_SwiftMediaContentHandlerTests.framework in Frameworks */ = {isa = PBXBuildFile; fileRef = F4CD60B150ABD36A124DF28C /* Pods_SwiftMediaContentHandlerTests.framework */; };
		D31285F21E9F356D00F2AB64 /* SwiftMediaContentHandler.framework in Frameworks */ = {isa = PBXBuildFile; fileRef = D31285E81E9F356C00F2AB64 /* SwiftMediaContentHandler.framework */; };
		D31285F91E9F356D00F2AB64 /* SwiftMediaContentHandler.h in Headers */ = {isa = PBXBuildFile; fileRef = D31285EB1E9F356C00F2AB64 /* SwiftMediaContentHandler.h */; settings = {ATTRIBUTES = (Public, ); }; };
		D313E5CC1EA0C8A80063F91F /* TestLocalMedia.swift in Sources */ = {isa = PBXBuildFile; fileRef = D313E5CB1EA0C8A80063F91F /* TestLocalMedia.swift */; };
		D328775D1F0139C700A788EC /* MediaEither.swift in Sources */ = {isa = PBXBuildFile; fileRef = D328775C1F0139C700A788EC /* MediaEither.swift */; };
		D328775E1F0139FD00A788EC /* MediaEither.swift in Sources */ = {isa = PBXBuildFile; fileRef = D328775C1F0139C700A788EC /* MediaEither.swift */; };
		D33862BB1F0413C60098EF41 /* AppDelegate.swift in Sources */ = {isa = PBXBuildFile; fileRef = D33862B81F0413C60098EF41 /* AppDelegate.swift */; };
		D33862BC1F0413C60098EF41 /* Info.plist in Resources */ = {isa = PBXBuildFile; fileRef = D33862B91F0413C60098EF41 /* Info.plist */; };
		D33862BD1F0413C60098EF41 /* SwiftMediaController.swift in Sources */ = {isa = PBXBuildFile; fileRef = D33862BA1F0413C60098EF41 /* SwiftMediaController.swift */; };
		D33862C01F0413CB0098EF41 /* Main.storyboard in Resources */ = {isa = PBXBuildFile; fileRef = D33862BE1F0413CB0098EF41 /* Main.storyboard */; };
		D33862C21F0413D00098EF41 /* Assets.xcassets in Resources */ = {isa = PBXBuildFile; fileRef = D33862C11F0413D00098EF41 /* Assets.xcassets */; };
		D33862C41F04192C0098EF41 /* AlbumHolderTest.swift in Sources */ = {isa = PBXBuildFile; fileRef = D33862C31F04192C0098EF41 /* AlbumHolderTest.swift */; };
		D37182F21F00F98C00F9C0C0 /* LocalMediaDatabase.swift in Sources */ = {isa = PBXBuildFile; fileRef = D37182EB1F00F98C00F9C0C0 /* LocalMediaDatabase.swift */; };
		D37182F31F00F98C00F9C0C0 /* MediaDatabaseMessage.swift in Sources */ = {isa = PBXBuildFile; fileRef = D37182EC1F00F98C00F9C0C0 /* MediaDatabaseMessage.swift */; };
		D37182F41F00F98C00F9C0C0 /* Album.swift in Sources */ = {isa = PBXBuildFile; fileRef = D37182EE1F00F98C00F9C0C0 /* Album.swift */; };
		D37182F51F00F98C00F9C0C0 /* LocalMedia.swift in Sources */ = {isa = PBXBuildFile; fileRef = D37182EF1F00F98C00F9C0C0 /* LocalMedia.swift */; };
		D37182F61F00F98C00F9C0C0 /* MediaCollectionType.swift in Sources */ = {isa = PBXBuildFile; fileRef = D37182F01F00F98C00F9C0C0 /* MediaCollectionType.swift */; };
		D37182F71F00F98C00F9C0C0 /* MediaType.swift in Sources */ = {isa = PBXBuildFile; fileRef = D37182F11F00F98C00F9C0C0 /* MediaType.swift */; };
		D37182F81F00FC5A00F9C0C0 /* LocalMediaDatabase.swift in Sources */ = {isa = PBXBuildFile; fileRef = D37182EB1F00F98C00F9C0C0 /* LocalMediaDatabase.swift */; };
		D37182F91F00FC5A00F9C0C0 /* MediaDatabaseMessage.swift in Sources */ = {isa = PBXBuildFile; fileRef = D37182EC1F00F98C00F9C0C0 /* MediaDatabaseMessage.swift */; };
		D37182FA1F00FC5A00F9C0C0 /* Album.swift in Sources */ = {isa = PBXBuildFile; fileRef = D37182EE1F00F98C00F9C0C0 /* Album.swift */; };
		D37182FB1F00FC5A00F9C0C0 /* LocalMedia.swift in Sources */ = {isa = PBXBuildFile; fileRef = D37182EF1F00F98C00F9C0C0 /* LocalMedia.swift */; };
		D37182FC1F00FC5A00F9C0C0 /* MediaCollectionType.swift in Sources */ = {isa = PBXBuildFile; fileRef = D37182F01F00F98C00F9C0C0 /* MediaCollectionType.swift */; };
		D37182FD1F00FC5A00F9C0C0 /* MediaType.swift in Sources */ = {isa = PBXBuildFile; fileRef = D37182F11F00F98C00F9C0C0 /* MediaType.swift */; };
		D37182FF1F0102C600F9C0C0 /* TestPHAsset.swift in Sources */ = {isa = PBXBuildFile; fileRef = D37182FE1F0102C600F9C0C0 /* TestPHAsset.swift */; };
		D37183011F01042A00F9C0C0 /* MediaSortMode.swift in Sources */ = {isa = PBXBuildFile; fileRef = D37183001F01042A00F9C0C0 /* MediaSortMode.swift */; };
		D37183021F01042A00F9C0C0 /* MediaSortMode.swift in Sources */ = {isa = PBXBuildFile; fileRef = D37183001F01042A00F9C0C0 /* MediaSortMode.swift */; };
		D38316981EA3EED8009706FF /* SwiftMediaContentHandler.podspec in Resources */ = {isa = PBXBuildFile; fileRef = D38316971EA3EED8009706FF /* SwiftMediaContentHandler.podspec */; };
		D3BFD2071EA30FB300582031 /* TestMediaDatabase.swift in Sources */ = {isa = PBXBuildFile; fileRef = D3BFD2061EA30FB300582031 /* TestMediaDatabase.swift */; };
		D3D3CF8C1F003029009ABC03 /* MediaDatabaseTest.swift in Sources */ = {isa = PBXBuildFile; fileRef = D3D3CF8A1F002EBD009ABC03 /* MediaDatabaseTest.swift */; };
		D3FDC6111F02CE330029047A /* AlbumHolder.swift in Sources */ = {isa = PBXBuildFile; fileRef = D3FDC6101F02CE330029047A /* AlbumHolder.swift */; };
		D3FDC6121F02CE330029047A /* AlbumHolder.swift in Sources */ = {isa = PBXBuildFile; fileRef = D3FDC6101F02CE330029047A /* AlbumHolder.swift */; };
		D3FFA56F1F04979400C29FC5 /* LocalMediaDatabase.swift in Sources */ = {isa = PBXBuildFile; fileRef = D37182EB1F00F98C00F9C0C0 /* LocalMediaDatabase.swift */; };
		D3FFA5701F04979400C29FC5 /* MediaDatabaseMessage.swift in Sources */ = {isa = PBXBuildFile; fileRef = D37182EC1F00F98C00F9C0C0 /* MediaDatabaseMessage.swift */; };
		D3FFA5711F04979400C29FC5 /* Album.swift in Sources */ = {isa = PBXBuildFile; fileRef = D37182EE1F00F98C00F9C0C0 /* Album.swift */; };
		D3FFA5721F04979400C29FC5 /* LocalMedia.swift in Sources */ = {isa = PBXBuildFile; fileRef = D37182EF1F00F98C00F9C0C0 /* LocalMedia.swift */; };
		D3FFA5731F04979400C29FC5 /* MediaCollectionType.swift in Sources */ = {isa = PBXBuildFile; fileRef = D37182F01F00F98C00F9C0C0 /* MediaCollectionType.swift */; };
		D3FFA5741F04979400C29FC5 /* MediaType.swift in Sources */ = {isa = PBXBuildFile; fileRef = D37182F11F00F98C00F9C0C0 /* MediaType.swift */; };
		D3FFA5751F04979400C29FC5 /* MediaSortMode.swift in Sources */ = {isa = PBXBuildFile; fileRef = D37183001F01042A00F9C0C0 /* MediaSortMode.swift */; };
		D3FFA5761F04979400C29FC5 /* MediaEither.swift in Sources */ = {isa = PBXBuildFile; fileRef = D328775C1F0139C700A788EC /* MediaEither.swift */; };
		D3FFA5771F04979400C29FC5 /* AlbumHolder.swift in Sources */ = {isa = PBXBuildFile; fileRef = D3FDC6101F02CE330029047A /* AlbumHolder.swift */; };
/* End PBXBuildFile section */

/* Begin PBXContainerItemProxy section */
		D31285F31E9F356D00F2AB64 /* PBXContainerItemProxy */ = {
			isa = PBXContainerItemProxy;
			containerPortal = D31285DF1E9F356C00F2AB64 /* Project object */;
			proxyType = 1;
			remoteGlobalIDString = D31285E71E9F356C00F2AB64;
			remoteInfo = SwiftMediaContentHandler;
		};
/* End PBXContainerItemProxy section */

/* Begin PBXFileReference section */
		045873C4F87E9C2BB5C5397B /* Pods-SwiftMediaContentHandler-SwiftMediaContentHandler-Demo.release.xcconfig */ = {isa = PBXFileReference; includeInIndex = 1; lastKnownFileType = text.xcconfig; name = "Pods-SwiftMediaContentHandler-SwiftMediaContentHandler-Demo.release.xcconfig"; path = "Pods/Target Support Files/Pods-SwiftMediaContentHandler-SwiftMediaContentHandler-Demo/Pods-SwiftMediaContentHandler-SwiftMediaContentHandler-Demo.release.xcconfig"; sourceTree = "<group>"; };
		2EC7FDA16E624E604E71DEFF /* Pods_SwiftMediaContentHandler.framework */ = {isa = PBXFileReference; explicitFileType = wrapper.framework; includeInIndex = 0; path = Pods_SwiftMediaContentHandler.framework; sourceTree = BUILT_PRODUCTS_DIR; };
		4DF524245A80AF343E852C00 /* Pods-SwiftMediaContentHandler-Demo.release.xcconfig */ = {isa = PBXFileReference; includeInIndex = 1; lastKnownFileType = text.xcconfig; name = "Pods-SwiftMediaContentHandler-Demo.release.xcconfig"; path = "Pods/Target Support Files/Pods-SwiftMediaContentHandler-Demo/Pods-SwiftMediaContentHandler-Demo.release.xcconfig"; sourceTree = "<group>"; };
		5329870531B3CC6679333B6C /* Pods-SwiftMediaContentHandlerTests.debug.xcconfig */ = {isa = PBXFileReference; includeInIndex = 1; lastKnownFileType = text.xcconfig; name = "Pods-SwiftMediaContentHandlerTests.debug.xcconfig"; path = "Pods/Target Support Files/Pods-SwiftMediaContentHandlerTests/Pods-SwiftMediaContentHandlerTests.debug.xcconfig"; sourceTree = "<group>"; };
		6ED0E75D5BC4EB2A09F8763C /* Pods-SwiftMediaContentHandler.debug.xcconfig */ = {isa = PBXFileReference; includeInIndex = 1; lastKnownFileType = text.xcconfig; name = "Pods-SwiftMediaContentHandler.debug.xcconfig"; path = "Pods/Target Support Files/Pods-SwiftMediaContentHandler/Pods-SwiftMediaContentHandler.debug.xcconfig"; sourceTree = "<group>"; };
		78DCB540D0DE5B1E84340921 /* Pods-SwiftMediaContentHandlerTests.release.xcconfig */ = {isa = PBXFileReference; includeInIndex = 1; lastKnownFileType = text.xcconfig; name = "Pods-SwiftMediaContentHandlerTests.release.xcconfig"; path = "Pods/Target Support Files/Pods-SwiftMediaContentHandlerTests/Pods-SwiftMediaContentHandlerTests.release.xcconfig"; sourceTree = "<group>"; };
		9817AD0D68853EB9F8C23051 /* Pods-SwiftMediaContentHandler-Demo.debug.xcconfig */ = {isa = PBXFileReference; includeInIndex = 1; lastKnownFileType = text.xcconfig; name = "Pods-SwiftMediaContentHandler-Demo.debug.xcconfig"; path = "Pods/Target Support Files/Pods-SwiftMediaContentHandler-Demo/Pods-SwiftMediaContentHandler-Demo.debug.xcconfig"; sourceTree = "<group>"; };
		9E54D720A35EA15E63B985CA /* Pods_SwiftMediaContentHandler_SwiftMediaContentHandler_Demo.framework */ = {isa = PBXFileReference; explicitFileType = wrapper.framework; includeInIndex = 0; path = Pods_SwiftMediaContentHandler_SwiftMediaContentHandler_Demo.framework; sourceTree = BUILT_PRODUCTS_DIR; };
		CEC59BB0BA3975FF80299A49 /* Pods_SwiftMediaContentHandler_Demo.framework */ = {isa = PBXFileReference; explicitFileType = wrapper.framework; includeInIndex = 0; path = Pods_SwiftMediaContentHandler_Demo.framework; sourceTree = BUILT_PRODUCTS_DIR; };
		D31285E81E9F356C00F2AB64 /* SwiftMediaContentHandler.framework */ = {isa = PBXFileReference; explicitFileType = wrapper.framework; includeInIndex = 0; path = SwiftMediaContentHandler.framework; sourceTree = BUILT_PRODUCTS_DIR; };
		D31285EB1E9F356C00F2AB64 /* SwiftMediaContentHandler.h */ = {isa = PBXFileReference; lastKnownFileType = sourcecode.c.h; path = SwiftMediaContentHandler.h; sourceTree = "<group>"; };
		D31285EC1E9F356C00F2AB64 /* Info.plist */ = {isa = PBXFileReference; lastKnownFileType = text.plist.xml; path = Info.plist; sourceTree = "<group>"; };
		D31285F11E9F356D00F2AB64 /* SwiftMediaContentHandlerTests.xctest */ = {isa = PBXFileReference; explicitFileType = wrapper.cfbundle; includeInIndex = 0; path = SwiftMediaContentHandlerTests.xctest; sourceTree = BUILT_PRODUCTS_DIR; };
		D31285F81E9F356D00F2AB64 /* Info.plist */ = {isa = PBXFileReference; lastKnownFileType = text.plist.xml; path = Info.plist; sourceTree = "<group>"; };
		D31286161E9F36A800F2AB64 /* SwiftUtilitiesTests.framework */ = {isa = PBXFileReference; lastKnownFileType = wrapper.framework; name = SwiftUtilitiesTests.framework; path = "Pods/../build/Debug-iphoneos/SwiftUtilitiesTests/SwiftUtilitiesTests.framework"; sourceTree = "<group>"; };
		D313E5CB1EA0C8A80063F91F /* TestLocalMedia.swift */ = {isa = PBXFileReference; fileEncoding = 4; lastKnownFileType = sourcecode.swift; name = TestLocalMedia.swift; path = model/TestLocalMedia.swift; sourceTree = "<group>"; };
		D328775C1F0139C700A788EC /* MediaEither.swift */ = {isa = PBXFileReference; fileEncoding = 4; lastKnownFileType = sourcecode.swift; path = MediaEither.swift; sourceTree = "<group>"; };
		D33862A61F0413500098EF41 /* SwiftMediaContentHandler-Demo.app */ = {isa = PBXFileReference; explicitFileType = wrapper.application; includeInIndex = 0; path = "SwiftMediaContentHandler-Demo.app"; sourceTree = BUILT_PRODUCTS_DIR; };
		D33862B81F0413C60098EF41 /* AppDelegate.swift */ = {isa = PBXFileReference; fileEncoding = 4; lastKnownFileType = sourcecode.swift; path = AppDelegate.swift; sourceTree = "<group>"; };
		D33862B91F0413C60098EF41 /* Info.plist */ = {isa = PBXFileReference; fileEncoding = 4; lastKnownFileType = text.plist.xml; path = Info.plist; sourceTree = "<group>"; };
		D33862BA1F0413C60098EF41 /* SwiftMediaController.swift */ = {isa = PBXFileReference; fileEncoding = 4; lastKnownFileType = sourcecode.swift; path = SwiftMediaController.swift; sourceTree = "<group>"; };
		D33862BF1F0413CB0098EF41 /* Base */ = {isa = PBXFileReference; lastKnownFileType = file.storyboard; name = Base; path = Base.lproj/Main.storyboard; sourceTree = "<group>"; };
		D33862C11F0413D00098EF41 /* Assets.xcassets */ = {isa = PBXFileReference; lastKnownFileType = folder.assetcatalog; path = Assets.xcassets; sourceTree = "<group>"; };
		D33862C31F04192C0098EF41 /* AlbumHolderTest.swift */ = {isa = PBXFileReference; fileEncoding = 4; lastKnownFileType = sourcecode.swift; path = AlbumHolderTest.swift; sourceTree = "<group>"; };
		D37182EB1F00F98C00F9C0C0 /* LocalMediaDatabase.swift */ = {isa = PBXFileReference; fileEncoding = 4; lastKnownFileType = sourcecode.swift; path = LocalMediaDatabase.swift; sourceTree = "<group>"; };
		D37182EC1F00F98C00F9C0C0 /* MediaDatabaseMessage.swift */ = {isa = PBXFileReference; fileEncoding = 4; lastKnownFileType = sourcecode.swift; path = MediaDatabaseMessage.swift; sourceTree = "<group>"; };
		D37182EE1F00F98C00F9C0C0 /* Album.swift */ = {isa = PBXFileReference; fileEncoding = 4; lastKnownFileType = sourcecode.swift; path = Album.swift; sourceTree = "<group>"; };
		D37182EF1F00F98C00F9C0C0 /* LocalMedia.swift */ = {isa = PBXFileReference; fileEncoding = 4; lastKnownFileType = sourcecode.swift; path = LocalMedia.swift; sourceTree = "<group>"; };
		D37182F01F00F98C00F9C0C0 /* MediaCollectionType.swift */ = {isa = PBXFileReference; fileEncoding = 4; lastKnownFileType = sourcecode.swift; path = MediaCollectionType.swift; sourceTree = "<group>"; };
		D37182F11F00F98C00F9C0C0 /* MediaType.swift */ = {isa = PBXFileReference; fileEncoding = 4; lastKnownFileType = sourcecode.swift; path = MediaType.swift; sourceTree = "<group>"; };
		D37182FE1F0102C600F9C0C0 /* TestPHAsset.swift */ = {isa = PBXFileReference; fileEncoding = 4; lastKnownFileType = sourcecode.swift; name = TestPHAsset.swift; path = model/TestPHAsset.swift; sourceTree = "<group>"; };
		D37183001F01042A00F9C0C0 /* MediaSortMode.swift */ = {isa = PBXFileReference; fileEncoding = 4; lastKnownFileType = sourcecode.swift; path = MediaSortMode.swift; sourceTree = "<group>"; };
		D38316971EA3EED8009706FF /* SwiftMediaContentHandler.podspec */ = {isa = PBXFileReference; fileEncoding = 4; lastKnownFileType = text; path = SwiftMediaContentHandler.podspec; sourceTree = "<group>"; };
		D3BFD2061EA30FB300582031 /* TestMediaDatabase.swift */ = {isa = PBXFileReference; fileEncoding = 4; lastKnownFileType = sourcecode.swift; path = TestMediaDatabase.swift; sourceTree = "<group>"; };
		D3D3CF8A1F002EBD009ABC03 /* MediaDatabaseTest.swift */ = {isa = PBXFileReference; fileEncoding = 4; lastKnownFileType = sourcecode.swift; path = MediaDatabaseTest.swift; sourceTree = "<group>"; };
		D3FDC6101F02CE330029047A /* AlbumHolder.swift */ = {isa = PBXFileReference; fileEncoding = 4; lastKnownFileType = sourcecode.swift; path = AlbumHolder.swift; sourceTree = "<group>"; };
		D9B249FF993F0AD07769504A /* Pods-SwiftMediaContentHandler-SwiftMediaContentHandler-Demo.debug.xcconfig */ = {isa = PBXFileReference; includeInIndex = 1; lastKnownFileType = text.xcconfig; name = "Pods-SwiftMediaContentHandler-SwiftMediaContentHandler-Demo.debug.xcconfig"; path = "Pods/Target Support Files/Pods-SwiftMediaContentHandler-SwiftMediaContentHandler-Demo/Pods-SwiftMediaContentHandler-SwiftMediaContentHandler-Demo.debug.xcconfig"; sourceTree = "<group>"; };
		F4CD60B150ABD36A124DF28C /* Pods_SwiftMediaContentHandlerTests.framework */ = {isa = PBXFileReference; explicitFileType = wrapper.framework; includeInIndex = 0; path = Pods_SwiftMediaContentHandlerTests.framework; sourceTree = BUILT_PRODUCTS_DIR; };
		F57CDB865D90241C9000FB50 /* Pods-SwiftMediaContentHandler.release.xcconfig */ = {isa = PBXFileReference; includeInIndex = 1; lastKnownFileType = text.xcconfig; name = "Pods-SwiftMediaContentHandler.release.xcconfig"; path = "Pods/Target Support Files/Pods-SwiftMediaContentHandler/Pods-SwiftMediaContentHandler.release.xcconfig"; sourceTree = "<group>"; };
/* End PBXFileReference section */

/* Begin PBXFrameworksBuildPhase section */
		D31285E41E9F356C00F2AB64 /* Frameworks */ = {
			isa = PBXFrameworksBuildPhase;
			buildActionMask = 2147483647;
			files = (
				59CAC75C7F574DD8369A6A69 /* Pods_SwiftMediaContentHandler.framework in Frameworks */,
			);
			runOnlyForDeploymentPostprocessing = 0;
		};
		D31285EE1E9F356D00F2AB64 /* Frameworks */ = {
			isa = PBXFrameworksBuildPhase;
			buildActionMask = 2147483647;
			files = (
				D31285F21E9F356D00F2AB64 /* SwiftMediaContentHandler.framework in Frameworks */,
				85B923ED0AE7A8EB847C3317 /* Pods_SwiftMediaContentHandlerTests.framework in Frameworks */,
			);
			runOnlyForDeploymentPostprocessing = 0;
		};
		D33862A31F0413500098EF41 /* Frameworks */ = {
			isa = PBXFrameworksBuildPhase;
			buildActionMask = 2147483647;
			files = (
				5CF4703EA7A5093409E060EA /* Pods_SwiftMediaContentHandler_Demo.framework in Frameworks */,
			);
			runOnlyForDeploymentPostprocessing = 0;
		};
/* End PBXFrameworksBuildPhase section */

/* Begin PBXGroup section */
		4D1147F6D96D59406936408B /* Pods */ = {
			isa = PBXGroup;
			children = (
				6ED0E75D5BC4EB2A09F8763C /* Pods-SwiftMediaContentHandler.debug.xcconfig */,
				F57CDB865D90241C9000FB50 /* Pods-SwiftMediaContentHandler.release.xcconfig */,
				5329870531B3CC6679333B6C /* Pods-SwiftMediaContentHandlerTests.debug.xcconfig */,
				78DCB540D0DE5B1E84340921 /* Pods-SwiftMediaContentHandlerTests.release.xcconfig */,
				9817AD0D68853EB9F8C23051 /* Pods-SwiftMediaContentHandler-Demo.debug.xcconfig */,
				4DF524245A80AF343E852C00 /* Pods-SwiftMediaContentHandler-Demo.release.xcconfig */,
				D9B249FF993F0AD07769504A /* Pods-SwiftMediaContentHandler-SwiftMediaContentHandler-Demo.debug.xcconfig */,
				045873C4F87E9C2BB5C5397B /* Pods-SwiftMediaContentHandler-SwiftMediaContentHandler-Demo.release.xcconfig */,
			);
			name = Pods;
			sourceTree = "<group>";
		};
		BBA3C751801715406A297F9E /* Frameworks */ = {
			isa = PBXGroup;
			children = (
				D31286161E9F36A800F2AB64 /* SwiftUtilitiesTests.framework */,
				2EC7FDA16E624E604E71DEFF /* Pods_SwiftMediaContentHandler.framework */,
				F4CD60B150ABD36A124DF28C /* Pods_SwiftMediaContentHandlerTests.framework */,
				CEC59BB0BA3975FF80299A49 /* Pods_SwiftMediaContentHandler_Demo.framework */,
				9E54D720A35EA15E63B985CA /* Pods_SwiftMediaContentHandler_SwiftMediaContentHandler_Demo.framework */,
			);
			name = Frameworks;
			sourceTree = "<group>";
		};
		D31285DE1E9F356C00F2AB64 = {
			isa = PBXGroup;
			children = (
				D38316971EA3EED8009706FF /* SwiftMediaContentHandler.podspec */,
				D31285EA1E9F356C00F2AB64 /* SwiftMediaContentHandler */,
				D31285F51E9F356D00F2AB64 /* SwiftMediaContentHandlerTests */,
				D33862A71F0413500098EF41 /* SwiftMediaContentHandler-Demo */,
				D31285E91E9F356C00F2AB64 /* Products */,
				4D1147F6D96D59406936408B /* Pods */,
				BBA3C751801715406A297F9E /* Frameworks */,
			);
			sourceTree = "<group>";
		};
		D31285E91E9F356C00F2AB64 /* Products */ = {
			isa = PBXGroup;
			children = (
				D31285E81E9F356C00F2AB64 /* SwiftMediaContentHandler.framework */,
				D31285F11E9F356D00F2AB64 /* SwiftMediaContentHandlerTests.xctest */,
				D33862A61F0413500098EF41 /* SwiftMediaContentHandler-Demo.app */,
			);
			name = Products;
			sourceTree = "<group>";
		};
		D31285EA1E9F356C00F2AB64 /* SwiftMediaContentHandler */ = {
			isa = PBXGroup;
			children = (
				D37182EA1F00F98C00F9C0C0 /* database */,
				D37182ED1F00F98C00F9C0C0 /* model */,
				D31285EB1E9F356C00F2AB64 /* SwiftMediaContentHandler.h */,
				D31285EC1E9F356C00F2AB64 /* Info.plist */,
			);
			path = SwiftMediaContentHandler;
			sourceTree = "<group>";
		};
		D31285F51E9F356D00F2AB64 /* SwiftMediaContentHandlerTests */ = {
			isa = PBXGroup;
			children = (
				D3D3CF891F002EBD009ABC03 /* test */,
				D313E5CD1EA0C8AB0063F91F /* model */,
				D31286111E9F366C00F2AB64 /* database */,
				D31285F81E9F356D00F2AB64 /* Info.plist */,
			);
			path = SwiftMediaContentHandlerTests;
			sourceTree = "<group>";
		};
		D31286111E9F366C00F2AB64 /* database */ = {
			isa = PBXGroup;
			children = (
				D3BFD2061EA30FB300582031 /* TestMediaDatabase.swift */,
			);
			path = database;
			sourceTree = "<group>";
		};
		D313E5CD1EA0C8AB0063F91F /* model */ = {
			isa = PBXGroup;
			children = (
				D313E5CB1EA0C8A80063F91F /* TestLocalMedia.swift */,
				D37182FE1F0102C600F9C0C0 /* TestPHAsset.swift */,
			);
			name = model;
			sourceTree = "<group>";
		};
		D33862A71F0413500098EF41 /* SwiftMediaContentHandler-Demo */ = {
			isa = PBXGroup;
			children = (
				D33862C11F0413D00098EF41 /* Assets.xcassets */,
				D33862BE1F0413CB0098EF41 /* Main.storyboard */,
				D33862B81F0413C60098EF41 /* AppDelegate.swift */,
				D33862B91F0413C60098EF41 /* Info.plist */,
				D33862BA1F0413C60098EF41 /* SwiftMediaController.swift */,
			);
			path = "SwiftMediaContentHandler-Demo";
			sourceTree = "<group>";
		};
		D37182EA1F00F98C00F9C0C0 /* database */ = {
			isa = PBXGroup;
			children = (
				D37182EB1F00F98C00F9C0C0 /* LocalMediaDatabase.swift */,
				D37182EC1F00F98C00F9C0C0 /* MediaDatabaseMessage.swift */,
			);
			path = database;
			sourceTree = "<group>";
		};
		D37182ED1F00F98C00F9C0C0 /* model */ = {
			isa = PBXGroup;
			children = (
				D37182EE1F00F98C00F9C0C0 /* Album.swift */,
				D3FDC6101F02CE330029047A /* AlbumHolder.swift */,
				D37182EF1F00F98C00F9C0C0 /* LocalMedia.swift */,
				D37182F01F00F98C00F9C0C0 /* MediaCollectionType.swift */,
				D328775C1F0139C700A788EC /* MediaEither.swift */,
				D37183001F01042A00F9C0C0 /* MediaSortMode.swift */,
				D37182F11F00F98C00F9C0C0 /* MediaType.swift */,
			);
			path = model;
			sourceTree = "<group>";
		};
		D3D3CF891F002EBD009ABC03 /* test */ = {
			isa = PBXGroup;
			children = (
				D3D3CF8A1F002EBD009ABC03 /* MediaDatabaseTest.swift */,
				D33862C31F04192C0098EF41 /* AlbumHolderTest.swift */,
			);
			path = test;
			sourceTree = "<group>";
		};
/* End PBXGroup section */

/* Begin PBXHeadersBuildPhase section */
		D31285E51E9F356C00F2AB64 /* Headers */ = {
			isa = PBXHeadersBuildPhase;
			buildActionMask = 2147483647;
			files = (
				D31285F91E9F356D00F2AB64 /* SwiftMediaContentHandler.h in Headers */,
			);
			runOnlyForDeploymentPostprocessing = 0;
		};
/* End PBXHeadersBuildPhase section */

/* Begin PBXNativeTarget section */
		D31285E71E9F356C00F2AB64 /* SwiftMediaContentHandler */ = {
			isa = PBXNativeTarget;
			buildConfigurationList = D31285FC1E9F356D00F2AB64 /* Build configuration list for PBXNativeTarget "SwiftMediaContentHandler" */;
			buildPhases = (
				4DB478C4DCB947F208252CC0 /* [CP] Check Pods Manifest.lock */,
				D31285E31E9F356C00F2AB64 /* Sources */,
				D31285E41E9F356C00F2AB64 /* Frameworks */,
				D31285E51E9F356C00F2AB64 /* Headers */,
				D31285E61E9F356C00F2AB64 /* Resources */,
				8CCC1A85A724B1CD13E2B6E6 /* [CP] Copy Pods Resources */,
			);
			buildRules = (
			);
			dependencies = (
			);
			name = SwiftMediaContentHandler;
			productName = SwiftMediaContentHandler;
			productReference = D31285E81E9F356C00F2AB64 /* SwiftMediaContentHandler.framework */;
			productType = "com.apple.product-type.framework";
		};
		D31285F01E9F356D00F2AB64 /* SwiftMediaContentHandlerTests */ = {
			isa = PBXNativeTarget;
			buildConfigurationList = D31285FF1E9F356D00F2AB64 /* Build configuration list for PBXNativeTarget "SwiftMediaContentHandlerTests" */;
			buildPhases = (
				3B05731FA69F3F75F1A1B068 /* [CP] Check Pods Manifest.lock */,
				D31285ED1E9F356D00F2AB64 /* Sources */,
				D31285EE1E9F356D00F2AB64 /* Frameworks */,
				D31285EF1E9F356D00F2AB64 /* Resources */,
				6625A8E93616347D22748BA6 /* [CP] Embed Pods Frameworks */,
				3E0401F6ED2043A67A0DD7EC /* [CP] Copy Pods Resources */,
			);
			buildRules = (
			);
			dependencies = (
				D31285F41E9F356D00F2AB64 /* PBXTargetDependency */,
			);
			name = SwiftMediaContentHandlerTests;
			productName = SwiftMediaContentHandlerTests;
			productReference = D31285F11E9F356D00F2AB64 /* SwiftMediaContentHandlerTests.xctest */;
			productType = "com.apple.product-type.bundle.unit-test";
		};
		D33862A51F0413500098EF41 /* SwiftMediaContentHandler-Demo */ = {
			isa = PBXNativeTarget;
			buildConfigurationList = D33862B51F0413510098EF41 /* Build configuration list for PBXNativeTarget "SwiftMediaContentHandler-Demo" */;
			buildPhases = (
				08406FD32866424D52349AF6 /* [CP] Check Pods Manifest.lock */,
				D33862A21F0413500098EF41 /* Sources */,
				D33862A31F0413500098EF41 /* Frameworks */,
				D33862A41F0413500098EF41 /* Resources */,
				489B8903505C5E528DF1DFD3 /* [CP] Embed Pods Frameworks */,
				5B127939A0CF6510334DCEFC /* [CP] Copy Pods Resources */,
			);
			buildRules = (
			);
			dependencies = (
			);
			name = "SwiftMediaContentHandler-Demo";
			productName = "SwiftMediaContentHandler-Demo";
			productReference = D33862A61F0413500098EF41 /* SwiftMediaContentHandler-Demo.app */;
			productType = "com.apple.product-type.application";
		};
/* End PBXNativeTarget section */

/* Begin PBXProject section */
		D31285DF1E9F356C00F2AB64 /* Project object */ = {
			isa = PBXProject;
			attributes = {
				LastSwiftUpdateCheck = 0830;
				LastUpgradeCheck = 0820;
				ORGANIZATIONNAME = Swiften;
				TargetAttributes = {
					D31285E71E9F356C00F2AB64 = {
						CreatedOnToolsVersion = 8.2.1;
						DevelopmentTeam = 5FF785XRZ6;
						LastSwiftMigration = 0830;
						ProvisioningStyle = Automatic;
					};
					D31285F01E9F356D00F2AB64 = {
						CreatedOnToolsVersion = 8.2.1;
						DevelopmentTeam = S3V9CCW695;
						ProvisioningStyle = Automatic;
					};
					D33862A51F0413500098EF41 = {
						CreatedOnToolsVersion = 8.3.2;
						DevelopmentTeam = S3V9CCW695;
						LastSwiftMigration = 0830;
						ProvisioningStyle = Automatic;
					};
				};
			};
			buildConfigurationList = D31285E21E9F356C00F2AB64 /* Build configuration list for PBXProject "SwiftMediaContentHandler" */;
			compatibilityVersion = "Xcode 3.2";
			developmentRegion = English;
			hasScannedForEncodings = 0;
			knownRegions = (
				en,
				Base,
			);
			mainGroup = D31285DE1E9F356C00F2AB64;
			productRefGroup = D31285E91E9F356C00F2AB64 /* Products */;
			projectDirPath = "";
			projectRoot = "";
			targets = (
				D31285E71E9F356C00F2AB64 /* SwiftMediaContentHandler */,
				D31285F01E9F356D00F2AB64 /* SwiftMediaContentHandlerTests */,
				D33862A51F0413500098EF41 /* SwiftMediaContentHandler-Demo */,
			);
		};
/* End PBXProject section */

/* Begin PBXResourcesBuildPhase section */
		D31285E61E9F356C00F2AB64 /* Resources */ = {
			isa = PBXResourcesBuildPhase;
			buildActionMask = 2147483647;
			files = (
				D38316981EA3EED8009706FF /* SwiftMediaContentHandler.podspec in Resources */,
			);
			runOnlyForDeploymentPostprocessing = 0;
		};
		D31285EF1E9F356D00F2AB64 /* Resources */ = {
			isa = PBXResourcesBuildPhase;
			buildActionMask = 2147483647;
			files = (
			);
			runOnlyForDeploymentPostprocessing = 0;
		};
		D33862A41F0413500098EF41 /* Resources */ = {
			isa = PBXResourcesBuildPhase;
			buildActionMask = 2147483647;
			files = (
				D33862BC1F0413C60098EF41 /* Info.plist in Resources */,
				D33862C21F0413D00098EF41 /* Assets.xcassets in Resources */,
				D33862C01F0413CB0098EF41 /* Main.storyboard in Resources */,
			);
			runOnlyForDeploymentPostprocessing = 0;
		};
/* End PBXResourcesBuildPhase section */

/* Begin PBXShellScriptBuildPhase section */
		08406FD32866424D52349AF6 /* [CP] Check Pods Manifest.lock */ = {
			isa = PBXShellScriptBuildPhase;
			buildActionMask = 2147483647;
			files = (
			);
			inputPaths = (
				"${PODS_PODFILE_DIR_PATH}/Podfile.lock",
				"${PODS_ROOT}/Manifest.lock",
			);
			name = "[CP] Check Pods Manifest.lock";
			outputPaths = (
				"$(DERIVED_FILE_DIR)/Pods-SwiftMediaContentHandler-Demo-checkManifestLockResult.txt",
			);
			runOnlyForDeploymentPostprocessing = 0;
			shellPath = /bin/sh;
			shellScript = "diff \"${PODS_PODFILE_DIR_PATH}/Podfile.lock\" \"${PODS_ROOT}/Manifest.lock\" > /dev/null\nif [ $? != 0 ] ; then\n    # print error to STDERR\n    echo \"error: The sandbox is not in sync with the Podfile.lock. Run 'pod install' or update your CocoaPods installation.\" >&2\n    exit 1\nfi\n";
			showEnvVarsInLog = 0;
		};
		3B05731FA69F3F75F1A1B068 /* [CP] Check Pods Manifest.lock */ = {
			isa = PBXShellScriptBuildPhase;
			buildActionMask = 2147483647;
			files = (
			);
			inputPaths = (
				"${PODS_PODFILE_DIR_PATH}/Podfile.lock",
				"${PODS_ROOT}/Manifest.lock",
			);
			name = "[CP] Check Pods Manifest.lock";
			outputPaths = (
				"$(DERIVED_FILE_DIR)/Pods-SwiftMediaContentHandlerTests-checkManifestLockResult.txt",
			);
			runOnlyForDeploymentPostprocessing = 0;
			shellPath = /bin/sh;
			shellScript = "diff \"${PODS_PODFILE_DIR_PATH}/Podfile.lock\" \"${PODS_ROOT}/Manifest.lock\" > /dev/null\nif [ $? != 0 ] ; then\n    # print error to STDERR\n    echo \"error: The sandbox is not in sync with the Podfile.lock. Run 'pod install' or update your CocoaPods installation.\" >&2\n    exit 1\nfi\n";
			showEnvVarsInLog = 0;
		};
		3E0401F6ED2043A67A0DD7EC /* [CP] Copy Pods Resources */ = {
			isa = PBXShellScriptBuildPhase;
			buildActionMask = 2147483647;
			files = (
			);
			inputPaths = (
			);
			name = "[CP] Copy Pods Resources";
			outputPaths = (
			);
			runOnlyForDeploymentPostprocessing = 0;
			shellPath = /bin/sh;
			shellScript = "\"${SRCROOT}/Pods/Target Support Files/Pods-SwiftMediaContentHandlerTests/Pods-SwiftMediaContentHandlerTests-resources.sh\"\n";
			showEnvVarsInLog = 0;
		};
		489B8903505C5E528DF1DFD3 /* [CP] Embed Pods Frameworks */ = {
			isa = PBXShellScriptBuildPhase;
			buildActionMask = 2147483647;
			files = (
			);
			inputPaths = (
				"${SRCROOT}/Pods/Target Support Files/Pods-SwiftMediaContentHandler-Demo/Pods-SwiftMediaContentHandler-Demo-frameworks.sh",
				"${BUILT_PRODUCTS_DIR}/Result/Result.framework",
				"${BUILT_PRODUCTS_DIR}/RxCocoa/RxCocoa.framework",
				"${BUILT_PRODUCTS_DIR}/RxSwift/RxSwift.framework",
				"${BUILT_PRODUCTS_DIR}/SwiftUtilities/SwiftUtilities.framework",
			);
			name = "[CP] Embed Pods Frameworks";
			outputPaths = (
				"${TARGET_BUILD_DIR}/${FRAMEWORKS_FOLDER_PATH}/Result.framework",
				"${TARGET_BUILD_DIR}/${FRAMEWORKS_FOLDER_PATH}/RxCocoa.framework",
				"${TARGET_BUILD_DIR}/${FRAMEWORKS_FOLDER_PATH}/RxSwift.framework",
				"${TARGET_BUILD_DIR}/${FRAMEWORKS_FOLDER_PATH}/SwiftUtilities.framework",
			);
			runOnlyForDeploymentPostprocessing = 0;
			shellPath = /bin/sh;
			shellScript = "\"${SRCROOT}/Pods/Target Support Files/Pods-SwiftMediaContentHandler-Demo/Pods-SwiftMediaContentHandler-Demo-frameworks.sh\"\n";
			showEnvVarsInLog = 0;
		};
		4DB478C4DCB947F208252CC0 /* [CP] Check Pods Manifest.lock */ = {
			isa = PBXShellScriptBuildPhase;
			buildActionMask = 2147483647;
			files = (
			);
			inputPaths = (
				"${PODS_PODFILE_DIR_PATH}/Podfile.lock",
				"${PODS_ROOT}/Manifest.lock",
			);
			name = "[CP] Check Pods Manifest.lock";
			outputPaths = (
				"$(DERIVED_FILE_DIR)/Pods-SwiftMediaContentHandler-checkManifestLockResult.txt",
			);
			runOnlyForDeploymentPostprocessing = 0;
			shellPath = /bin/sh;
			shellScript = "diff \"${PODS_PODFILE_DIR_PATH}/Podfile.lock\" \"${PODS_ROOT}/Manifest.lock\" > /dev/null\nif [ $? != 0 ] ; then\n    # print error to STDERR\n    echo \"error: The sandbox is not in sync with the Podfile.lock. Run 'pod install' or update your CocoaPods installation.\" >&2\n    exit 1\nfi\n";
			showEnvVarsInLog = 0;
		};
		5B127939A0CF6510334DCEFC /* [CP] Copy Pods Resources */ = {
			isa = PBXShellScriptBuildPhase;
			buildActionMask = 2147483647;
			files = (
			);
			inputPaths = (
			);
			name = "[CP] Copy Pods Resources";
			outputPaths = (
			);
			runOnlyForDeploymentPostprocessing = 0;
			shellPath = /bin/sh;
			shellScript = "\"${SRCROOT}/Pods/Target Support Files/Pods-SwiftMediaContentHandler-Demo/Pods-SwiftMediaContentHandler-Demo-resources.sh\"\n";
			showEnvVarsInLog = 0;
		};
		6625A8E93616347D22748BA6 /* [CP] Embed Pods Frameworks */ = {
			isa = PBXShellScriptBuildPhase;
			buildActionMask = 2147483647;
			files = (
			);
			inputPaths = (
				"${SRCROOT}/Pods/Target Support Files/Pods-SwiftMediaContentHandlerTests/Pods-SwiftMediaContentHandlerTests-frameworks.sh",
				"${BUILT_PRODUCTS_DIR}/Result/Result.framework",
				"${BUILT_PRODUCTS_DIR}/RxCocoa/RxCocoa.framework",
				"${BUILT_PRODUCTS_DIR}/RxSwift/RxSwift.framework",
				"${BUILT_PRODUCTS_DIR}/SwiftUtilities/SwiftUtilities.framework",
				"${BUILT_PRODUCTS_DIR}/RxBlocking/RxBlocking.framework",
				"${BUILT_PRODUCTS_DIR}/RxTest/RxTest.framework",
				"${BUILT_PRODUCTS_DIR}/SwiftUtilitiesTests/SwiftUtilitiesTests.framework",
			);
			name = "[CP] Embed Pods Frameworks";
			outputPaths = (
				"${TARGET_BUILD_DIR}/${FRAMEWORKS_FOLDER_PATH}/Result.framework",
				"${TARGET_BUILD_DIR}/${FRAMEWORKS_FOLDER_PATH}/RxCocoa.framework",
				"${TARGET_BUILD_DIR}/${FRAMEWORKS_FOLDER_PATH}/RxSwift.framework",
				"${TARGET_BUILD_DIR}/${FRAMEWORKS_FOLDER_PATH}/SwiftUtilities.framework",
				"${TARGET_BUILD_DIR}/${FRAMEWORKS_FOLDER_PATH}/RxBlocking.framework",
				"${TARGET_BUILD_DIR}/${FRAMEWORKS_FOLDER_PATH}/RxTest.framework",
				"${TARGET_BUILD_DIR}/${FRAMEWORKS_FOLDER_PATH}/SwiftUtilitiesTests.framework",
			);
			runOnlyForDeploymentPostprocessing = 0;
			shellPath = /bin/sh;
			shellScript = "\"${SRCROOT}/Pods/Target Support Files/Pods-SwiftMediaContentHandlerTests/Pods-SwiftMediaContentHandlerTests-frameworks.sh\"\n";
			showEnvVarsInLog = 0;
		};
		8CCC1A85A724B1CD13E2B6E6 /* [CP] Copy Pods Resources */ = {
			isa = PBXShellScriptBuildPhase;
			buildActionMask = 2147483647;
			files = (
			);
			inputPaths = (
			);
			name = "[CP] Copy Pods Resources";
			outputPaths = (
			);
			runOnlyForDeploymentPostprocessing = 0;
			shellPath = /bin/sh;
			shellScript = "\"${SRCROOT}/Pods/Target Support Files/Pods-SwiftMediaContentHandler/Pods-SwiftMediaContentHandler-resources.sh\"\n";
			showEnvVarsInLog = 0;
		};
/* End PBXShellScriptBuildPhase section */

/* Begin PBXSourcesBuildPhase section */
		D31285E31E9F356C00F2AB64 /* Sources */ = {
			isa = PBXSourcesBuildPhase;
			buildActionMask = 2147483647;
			files = (
				D328775D1F0139C700A788EC /* MediaEither.swift in Sources */,
				D37182F71F00F98C00F9C0C0 /* MediaType.swift in Sources */,
				D37183011F01042A00F9C0C0 /* MediaSortMode.swift in Sources */,
				D37182F31F00F98C00F9C0C0 /* MediaDatabaseMessage.swift in Sources */,
				D37182F21F00F98C00F9C0C0 /* LocalMediaDatabase.swift in Sources */,
				D37182F51F00F98C00F9C0C0 /* LocalMedia.swift in Sources */,
				D37182F61F00F98C00F9C0C0 /* MediaCollectionType.swift in Sources */,
				D3FDC6111F02CE330029047A /* AlbumHolder.swift in Sources */,
				D37182F41F00F98C00F9C0C0 /* Album.swift in Sources */,
			);
			runOnlyForDeploymentPostprocessing = 0;
		};
		D31285ED1E9F356D00F2AB64 /* Sources */ = {
			isa = PBXSourcesBuildPhase;
			buildActionMask = 2147483647;
			files = (
				D328775E1F0139FD00A788EC /* MediaEither.swift in Sources */,
				D37182FF1F0102C600F9C0C0 /* TestPHAsset.swift in Sources */,
				D37182F81F00FC5A00F9C0C0 /* LocalMediaDatabase.swift in Sources */,
				D37182F91F00FC5A00F9C0C0 /* MediaDatabaseMessage.swift in Sources */,
				D37182FA1F00FC5A00F9C0C0 /* Album.swift in Sources */,
				D37182FB1F00FC5A00F9C0C0 /* LocalMedia.swift in Sources */,
				D37182FC1F00FC5A00F9C0C0 /* MediaCollectionType.swift in Sources */,
				D33862C41F04192C0098EF41 /* AlbumHolderTest.swift in Sources */,
				D37183021F01042A00F9C0C0 /* MediaSortMode.swift in Sources */,
				D37182FD1F00FC5A00F9C0C0 /* MediaType.swift in Sources */,
				D3D3CF8C1F003029009ABC03 /* MediaDatabaseTest.swift in Sources */,
				D313E5CC1EA0C8A80063F91F /* TestLocalMedia.swift in Sources */,
				D3FDC6121F02CE330029047A /* AlbumHolder.swift in Sources */,
				D3BFD2071EA30FB300582031 /* TestMediaDatabase.swift in Sources */,
			);
			runOnlyForDeploymentPostprocessing = 0;
		};
		D33862A21F0413500098EF41 /* Sources */ = {
			isa = PBXSourcesBuildPhase;
			buildActionMask = 2147483647;
			files = (
				D3FFA56F1F04979400C29FC5 /* LocalMediaDatabase.swift in Sources */,
				D3FFA5701F04979400C29FC5 /* MediaDatabaseMessage.swift in Sources */,
				D3FFA5711F04979400C29FC5 /* Album.swift in Sources */,
				D3FFA5721F04979400C29FC5 /* LocalMedia.swift in Sources */,
				D3FFA5731F04979400C29FC5 /* MediaCollectionType.swift in Sources */,
				D3FFA5741F04979400C29FC5 /* MediaType.swift in Sources */,
				D3FFA5751F04979400C29FC5 /* MediaSortMode.swift in Sources */,
				D3FFA5761F04979400C29FC5 /* MediaEither.swift in Sources */,
				D3FFA5771F04979400C29FC5 /* AlbumHolder.swift in Sources */,
				D33862BD1F0413C60098EF41 /* SwiftMediaController.swift in Sources */,
				D33862BB1F0413C60098EF41 /* AppDelegate.swift in Sources */,
			);
			runOnlyForDeploymentPostprocessing = 0;
		};
/* End PBXSourcesBuildPhase section */

/* Begin PBXTargetDependency section */
		D31285F41E9F356D00F2AB64 /* PBXTargetDependency */ = {
			isa = PBXTargetDependency;
			target = D31285E71E9F356C00F2AB64 /* SwiftMediaContentHandler */;
			targetProxy = D31285F31E9F356D00F2AB64 /* PBXContainerItemProxy */;
		};
/* End PBXTargetDependency section */

/* Begin PBXVariantGroup section */
		D33862BE1F0413CB0098EF41 /* Main.storyboard */ = {
			isa = PBXVariantGroup;
			children = (
				D33862BF1F0413CB0098EF41 /* Base */,
			);
			name = Main.storyboard;
			sourceTree = "<group>";
		};
/* End PBXVariantGroup section */

/* Begin XCBuildConfiguration section */
		D31285FA1E9F356D00F2AB64 /* Debug */ = {
			isa = XCBuildConfiguration;
			buildSettings = {
				ALWAYS_SEARCH_USER_PATHS = NO;
				CLANG_ANALYZER_NONNULL = YES;
				CLANG_CXX_LANGUAGE_STANDARD = "gnu++0x";
				CLANG_CXX_LIBRARY = "libc++";
				CLANG_ENABLE_MODULES = YES;
				CLANG_ENABLE_OBJC_ARC = YES;
				CLANG_WARN_BOOL_CONVERSION = YES;
				CLANG_WARN_CONSTANT_CONVERSION = YES;
				CLANG_WARN_DIRECT_OBJC_ISA_USAGE = YES_ERROR;
				CLANG_WARN_DOCUMENTATION_COMMENTS = YES;
				CLANG_WARN_EMPTY_BODY = YES;
				CLANG_WARN_ENUM_CONVERSION = YES;
				CLANG_WARN_INFINITE_RECURSION = YES;
				CLANG_WARN_INT_CONVERSION = YES;
				CLANG_WARN_OBJC_ROOT_CLASS = YES_ERROR;
				CLANG_WARN_SUSPICIOUS_MOVE = YES;
				CLANG_WARN_UNREACHABLE_CODE = YES;
				CLANG_WARN__DUPLICATE_METHOD_MATCH = YES;
				"CODE_SIGN_IDENTITY[sdk=iphoneos*]" = "iPhone Developer";
				COPY_PHASE_STRIP = NO;
				CURRENT_PROJECT_VERSION = 1;
				DEBUG_INFORMATION_FORMAT = dwarf;
				ENABLE_STRICT_OBJC_MSGSEND = YES;
				ENABLE_TESTABILITY = YES;
				GCC_C_LANGUAGE_STANDARD = gnu99;
				GCC_DYNAMIC_NO_PIC = NO;
				GCC_NO_COMMON_BLOCKS = YES;
				GCC_OPTIMIZATION_LEVEL = 0;
				GCC_PREPROCESSOR_DEFINITIONS = (
					"DEBUG=1",
					"$(inherited)",
				);
				GCC_WARN_64_TO_32_BIT_CONVERSION = YES;
				GCC_WARN_ABOUT_RETURN_TYPE = YES_ERROR;
				GCC_WARN_UNDECLARED_SELECTOR = YES;
				GCC_WARN_UNINITIALIZED_AUTOS = YES_AGGRESSIVE;
				GCC_WARN_UNUSED_FUNCTION = YES;
				GCC_WARN_UNUSED_VARIABLE = YES;
				IPHONEOS_DEPLOYMENT_TARGET = 9.0;
				MTL_ENABLE_DEBUG_INFO = YES;
				ONLY_ACTIVE_ARCH = YES;
				SDKROOT = iphoneos;
				SWIFT_ACTIVE_COMPILATION_CONDITIONS = "-D DEBUG";
				SWIFT_OPTIMIZATION_LEVEL = "-Onone";
				TARGETED_DEVICE_FAMILY = "1,2";
				VERSIONING_SYSTEM = "apple-generic";
				VERSION_INFO_PREFIX = "";
			};
			name = Debug;
		};
		D31285FB1E9F356D00F2AB64 /* Release */ = {
			isa = XCBuildConfiguration;
			buildSettings = {
				ALWAYS_SEARCH_USER_PATHS = NO;
				CLANG_ANALYZER_NONNULL = YES;
				CLANG_CXX_LANGUAGE_STANDARD = "gnu++0x";
				CLANG_CXX_LIBRARY = "libc++";
				CLANG_ENABLE_MODULES = YES;
				CLANG_ENABLE_OBJC_ARC = YES;
				CLANG_WARN_BOOL_CONVERSION = YES;
				CLANG_WARN_CONSTANT_CONVERSION = YES;
				CLANG_WARN_DIRECT_OBJC_ISA_USAGE = YES_ERROR;
				CLANG_WARN_DOCUMENTATION_COMMENTS = YES;
				CLANG_WARN_EMPTY_BODY = YES;
				CLANG_WARN_ENUM_CONVERSION = YES;
				CLANG_WARN_INFINITE_RECURSION = YES;
				CLANG_WARN_INT_CONVERSION = YES;
				CLANG_WARN_OBJC_ROOT_CLASS = YES_ERROR;
				CLANG_WARN_SUSPICIOUS_MOVE = YES;
				CLANG_WARN_UNREACHABLE_CODE = YES;
				CLANG_WARN__DUPLICATE_METHOD_MATCH = YES;
				"CODE_SIGN_IDENTITY[sdk=iphoneos*]" = "iPhone Developer";
				COPY_PHASE_STRIP = NO;
				CURRENT_PROJECT_VERSION = 1;
				DEBUG_INFORMATION_FORMAT = "dwarf-with-dsym";
				ENABLE_NS_ASSERTIONS = NO;
				ENABLE_STRICT_OBJC_MSGSEND = YES;
				GCC_C_LANGUAGE_STANDARD = gnu99;
				GCC_NO_COMMON_BLOCKS = YES;
				GCC_WARN_64_TO_32_BIT_CONVERSION = YES;
				GCC_WARN_ABOUT_RETURN_TYPE = YES_ERROR;
				GCC_WARN_UNDECLARED_SELECTOR = YES;
				GCC_WARN_UNINITIALIZED_AUTOS = YES_AGGRESSIVE;
				GCC_WARN_UNUSED_FUNCTION = YES;
				GCC_WARN_UNUSED_VARIABLE = YES;
				IPHONEOS_DEPLOYMENT_TARGET = 9.0;
				MTL_ENABLE_DEBUG_INFO = NO;
				SDKROOT = iphoneos;
				SWIFT_OPTIMIZATION_LEVEL = "-Owholemodule";
				TARGETED_DEVICE_FAMILY = "1,2";
				VALIDATE_PRODUCT = YES;
				VERSIONING_SYSTEM = "apple-generic";
				VERSION_INFO_PREFIX = "";
			};
			name = Release;
		};
		D31285FD1E9F356D00F2AB64 /* Debug */ = {
			isa = XCBuildConfiguration;
			baseConfigurationReference = 6ED0E75D5BC4EB2A09F8763C /* Pods-SwiftMediaContentHandler.debug.xcconfig */;
			buildSettings = {
				ALWAYS_EMBED_SWIFT_STANDARD_LIBRARIES = "$(inherited)";
				CLANG_ENABLE_MODULES = YES;
				CODE_SIGN_IDENTITY = "";
				DEFINES_MODULE = YES;
				DEVELOPMENT_TEAM = 5FF785XRZ6;
				DYLIB_COMPATIBILITY_VERSION = 1;
				DYLIB_CURRENT_VERSION = 1;
				DYLIB_INSTALL_NAME_BASE = "@rpath";
				INFOPLIST_FILE = SwiftMediaContentHandler/Info.plist;
				INSTALL_PATH = "$(LOCAL_LIBRARY_DIR)/Frameworks";
				IPHONEOS_DEPLOYMENT_TARGET = 9.0;
				LD_RUNPATH_SEARCH_PATHS = "$(inherited) @executable_path/Frameworks @loader_path/Frameworks";
				PRODUCT_BUNDLE_IDENTIFIER = org.swiften.SwiftMediaContentHandler;
				PRODUCT_NAME = "$(TARGET_NAME)";
				SKIP_INSTALL = YES;
				SWIFT_OPTIMIZATION_LEVEL = "-Onone";
				SWIFT_VERSION = 3.0;
			};
			name = Debug;
		};
		D31285FE1E9F356D00F2AB64 /* Release */ = {
			isa = XCBuildConfiguration;
			baseConfigurationReference = F57CDB865D90241C9000FB50 /* Pods-SwiftMediaContentHandler.release.xcconfig */;
			buildSettings = {
				ALWAYS_EMBED_SWIFT_STANDARD_LIBRARIES = "$(inherited)";
				CLANG_ENABLE_MODULES = YES;
				CODE_SIGN_IDENTITY = "";
				DEFINES_MODULE = YES;
				DEVELOPMENT_TEAM = 5FF785XRZ6;
				DYLIB_COMPATIBILITY_VERSION = 1;
				DYLIB_CURRENT_VERSION = 1;
				DYLIB_INSTALL_NAME_BASE = "@rpath";
				INFOPLIST_FILE = SwiftMediaContentHandler/Info.plist;
				INSTALL_PATH = "$(LOCAL_LIBRARY_DIR)/Frameworks";
				IPHONEOS_DEPLOYMENT_TARGET = 9.0;
				LD_RUNPATH_SEARCH_PATHS = "$(inherited) @executable_path/Frameworks @loader_path/Frameworks";
				PRODUCT_BUNDLE_IDENTIFIER = org.swiften.SwiftMediaContentHandler;
				PRODUCT_NAME = "$(TARGET_NAME)";
				SKIP_INSTALL = YES;
				SWIFT_VERSION = 3.0;
			};
			name = Release;
		};
		D31286001E9F356D00F2AB64 /* Debug */ = {
			isa = XCBuildConfiguration;
			baseConfigurationReference = 5329870531B3CC6679333B6C /* Pods-SwiftMediaContentHandlerTests.debug.xcconfig */;
			buildSettings = {
				ALWAYS_EMBED_SWIFT_STANDARD_LIBRARIES = YES;
				DEVELOPMENT_TEAM = S3V9CCW695;
				FRAMEWORK_SEARCH_PATHS = (
					"$(inherited)",
					"$(PROJECT_DIR)/build/Debug-iphoneos/SwiftUtilitiesTests",
				);
				INFOPLIST_FILE = SwiftMediaContentHandlerTests/Info.plist;
				LD_RUNPATH_SEARCH_PATHS = "$(inherited) @executable_path/Frameworks @loader_path/Frameworks";
				PRODUCT_BUNDLE_IDENTIFIER = com.swiften.SwiftMediaContentHandlerTests;
				PRODUCT_NAME = "$(TARGET_NAME)";
				SWIFT_VERSION = 3.0;
			};
			name = Debug;
		};
		D31286011E9F356D00F2AB64 /* Release */ = {
			isa = XCBuildConfiguration;
			baseConfigurationReference = 78DCB540D0DE5B1E84340921 /* Pods-SwiftMediaContentHandlerTests.release.xcconfig */;
			buildSettings = {
				ALWAYS_EMBED_SWIFT_STANDARD_LIBRARIES = YES;
				DEVELOPMENT_TEAM = S3V9CCW695;
				FRAMEWORK_SEARCH_PATHS = (
					"$(inherited)",
					"$(PROJECT_DIR)/build/Debug-iphoneos/SwiftUtilitiesTests",
				);
				INFOPLIST_FILE = SwiftMediaContentHandlerTests/Info.plist;
				LD_RUNPATH_SEARCH_PATHS = "$(inherited) @executable_path/Frameworks @loader_path/Frameworks";
				PRODUCT_BUNDLE_IDENTIFIER = com.swiften.SwiftMediaContentHandlerTests;
				PRODUCT_NAME = "$(TARGET_NAME)";
				SWIFT_VERSION = 3.0;
			};
			name = Release;
		};
		D33862B61F0413510098EF41 /* Debug */ = {
			isa = XCBuildConfiguration;
			baseConfigurationReference = 9817AD0D68853EB9F8C23051 /* Pods-SwiftMediaContentHandler-Demo.debug.xcconfig */;
			buildSettings = {
				ASSETCATALOG_COMPILER_APPICON_NAME = AppIcon;
				CLANG_ANALYZER_NUMBER_OBJECT_CONVERSION = YES_AGGRESSIVE;
				CLANG_ENABLE_MODULES = YES;
				DEVELOPMENT_TEAM = S3V9CCW695;
				INFOPLIST_FILE = "SwiftMediaContentHandler-Demo/Info.plist";
				IPHONEOS_DEPLOYMENT_TARGET = 10.3;
				LD_RUNPATH_SEARCH_PATHS = "$(inherited) @executable_path/Frameworks";
				PRODUCT_BUNDLE_IDENTIFIER = "org.swiften.SwiftMediaContentHandler-Demo";
				PRODUCT_NAME = "$(TARGET_NAME)";
				SWIFT_ACTIVE_COMPILATION_CONDITIONS = DEBUG;
				SWIFT_OPTIMIZATION_LEVEL = "-Onone";
				SWIFT_VERSION = 3.0;
			};
			name = Debug;
		};
		D33862B71F0413510098EF41 /* Release */ = {
			isa = XCBuildConfiguration;
			baseConfigurationReference = 4DF524245A80AF343E852C00 /* Pods-SwiftMediaContentHandler-Demo.release.xcconfig */;
			buildSettings = {
				ASSETCATALOG_COMPILER_APPICON_NAME = AppIcon;
				CLANG_ANALYZER_NUMBER_OBJECT_CONVERSION = YES_AGGRESSIVE;
				CLANG_ENABLE_MODULES = YES;
				DEVELOPMENT_TEAM = S3V9CCW695;
				INFOPLIST_FILE = "SwiftMediaContentHandler-Demo/Info.plist";
				IPHONEOS_DEPLOYMENT_TARGET = 10.3;
				LD_RUNPATH_SEARCH_PATHS = "$(inherited) @executable_path/Frameworks";
				PRODUCT_BUNDLE_IDENTIFIER = "org.swiften.SwiftMediaContentHandler-Demo";
				PRODUCT_NAME = "$(TARGET_NAME)";
				SWIFT_VERSION = 3.0;
			};
			name = Release;
		};
/* End XCBuildConfiguration section */

/* Begin XCConfigurationList section */
		D31285E21E9F356C00F2AB64 /* Build configuration list for PBXProject "SwiftMediaContentHandler" */ = {
			isa = XCConfigurationList;
			buildConfigurations = (
				D31285FA1E9F356D00F2AB64 /* Debug */,
				D31285FB1E9F356D00F2AB64 /* Release */,
			);
			defaultConfigurationIsVisible = 0;
			defaultConfigurationName = Release;
		};
		D31285FC1E9F356D00F2AB64 /* Build configuration list for PBXNativeTarget "SwiftMediaContentHandler" */ = {
			isa = XCConfigurationList;
			buildConfigurations = (
				D31285FD1E9F356D00F2AB64 /* Debug */,
				D31285FE1E9F356D00F2AB64 /* Release */,
			);
			defaultConfigurationIsVisible = 0;
			defaultConfigurationName = Release;
		};
		D31285FF1E9F356D00F2AB64 /* Build configuration list for PBXNativeTarget "SwiftMediaContentHandlerTests" */ = {
			isa = XCConfigurationList;
			buildConfigurations = (
				D31286001E9F356D00F2AB64 /* Debug */,
				D31286011E9F356D00F2AB64 /* Release */,
			);
			defaultConfigurationIsVisible = 0;
			defaultConfigurationName = Release;
		};
		D33862B51F0413510098EF41 /* Build configuration list for PBXNativeTarget "SwiftMediaContentHandler-Demo" */ = {
			isa = XCConfigurationList;
			buildConfigurations = (
				D33862B61F0413510098EF41 /* Debug */,
				D33862B71F0413510098EF41 /* Release */,
			);
			defaultConfigurationIsVisible = 0;
			defaultConfigurationName = Release;
		};
/* End XCConfigurationList section */
	};
	rootObject = D31285DF1E9F356C00F2AB64 /* Project object */;
}
